<?xml version="1.0" encoding="utf-8"?>
<Project ToolsVersion="4.0" xmlns="http://schemas.microsoft.com/developer/msbuild/2003">
  <ItemGroup>
    <Filter Include="Source Files">
      <UniqueIdentifier>{4FC737F1-C7A5-4376-A066-2A32D752A2FF}</UniqueIdentifier>
      <Extensions>cpp;c;cc;cxx;c++;cppm;ixx;def;odl;idl;hpj;bat;asm;asmx</Extensions>
    </Filter>
    <Filter Include="Header Files">
      <UniqueIdentifier>{93995380-89BD-4b04-88EB-625FBE52EBFB}</UniqueIdentifier>
      <Extensions>h;hh;hpp;hxx;h++;hm;inl;inc;ipp;xsd</Extensions>
    </Filter>
    <Filter Include="Resource Files">
      <UniqueIdentifier>{67DA6AB6-F800-4c08-8B7A-83BB121AAD01}</UniqueIdentifier>
      <Extensions>rc;ico;cur;bmp;dlg;rc2;rct;bin;rgs;gif;jpg;jpeg;jpe;resx;tiff;tif;png;wav;mfcribbon-ms</Extensions>
    </Filter>
  </ItemGroup>
  <ItemGroup>
    <ClInclude Include="src\fluxions_base_pch.hpp">
      <Filter>Source Files</Filter>
    </ClInclude>
    <ClInclude Include="include\fluxions_xml.hpp">
      <Filter>Header Files</Filter>
    </ClInclude>
    <ClInclude Include="include\fluxions_base.hpp">
      <Filter>Header Files</Filter>
    </ClInclude>
    <ClInclude Include="include\fluxions_colors.hpp">
      <Filter>Header Files</Filter>
    </ClInclude>
    <ClInclude Include="include\fluxions_config.hpp">
      <Filter>Header Files</Filter>
    </ClInclude>
    <ClInclude Include="include\fluxions_file_path_info.hpp">
      <Filter>Header Files</Filter>
    </ClInclude>
    <ClInclude Include="include\fluxions_file_reader_writer.hpp">
      <Filter>Header Files</Filter>
    </ClInclude>
    <ClInclude Include="include\fluxions_file_system.hpp">
      <Filter>Header Files</Filter>
    </ClInclude>
    <ClInclude Include="include\fluxions_fileio_iostream.hpp">
      <Filter>Header Files</Filter>
    </ClInclude>
    <ClInclude Include="include\fluxions_gl1gl2_tools.hpp">
      <Filter>Header Files</Filter>
    </ClInclude>
    <ClInclude Include="include\fluxions_ibase_object.hpp">
      <Filter>Header Files</Filter>
    </ClInclude>
    <ClInclude Include="include\fluxions_image_loader.hpp">
      <Filter>Header Files</Filter>
    </ClInclude>
    <ClInclude Include="include\fluxions_opengl.hpp">
      <Filter>Header Files</Filter>
    </ClInclude>
    <ClInclude Include="include\fluxions_resource_manager.hpp">
      <Filter>Header Files</Filter>
    </ClInclude>
    <ClInclude Include="include\fluxions_simple_geometry_mesh.hpp">
      <Filter>Header Files</Filter>
    </ClInclude>
    <ClInclude Include="include\fluxions_simple_loadable_resource.hpp">
      <Filter>Header Files</Filter>
    </ClInclude>
    <ClInclude Include="include\fluxions_simple_map.hpp">
      <Filter>Header Files</Filter>
    </ClInclude>
    <ClInclude Include="include\fluxions_simple_material.hpp">
      <Filter>Header Files</Filter>
    </ClInclude>
    <ClInclude Include="include\fluxions_simple_material_library.hpp">
      <Filter>Header Files</Filter>
    </ClInclude>
    <ClInclude Include="include\fluxions_simple_renderer.hpp">
      <Filter>Header Files</Filter>
    </ClInclude>
    <ClInclude Include="include\fluxions_simple_surface.hpp">
      <Filter>Header Files</Filter>
    </ClInclude>
    <ClInclude Include="include\fluxions_simple_vertex.hpp">
      <Filter>Header Files</Filter>
    </ClInclude>
    <ClInclude Include="include\fluxions_stdcxx.hpp">
      <Filter>Header Files</Filter>
    </ClInclude>
    <ClInclude Include="include\fluxions_utilities.hpp">
      <Filter>Header Files</Filter>
    </ClInclude>
    <ClInclude Include="include\fluxions_base_objects.hpp">
      <Filter>Header Files</Filter>
    </ClInclude>
    <ClInclude Include="include\fluxions_simple_map_library.hpp">
      <Filter>Header Files</Filter>
    </ClInclude>
  </ItemGroup>
  <ItemGroup>
    <ClCompile Include="src\fluxions_base.cpp">
      <Filter>Source Files</Filter>
    </ClCompile>
    <ClCompile Include="src\fluxions_base_pch.cpp">
      <Filter>Source Files</Filter>
    </ClCompile>
    <ClCompile Include="src\fluxions_file_path_info.cpp">
      <Filter>Source Files</Filter>
    </ClCompile>
    <ClCompile Include="src\fluxions_fileio_iostream.cpp">
      <Filter>Source Files</Filter>
    </ClCompile>
    <ClCompile Include="src\fluxions_gl1gl2_tools.cpp">
      <Filter>Source Files</Filter>
    </ClCompile>
    <ClCompile Include="src\fluxions_image_loader.cpp">
      <Filter>Source Files</Filter>
    </ClCompile>
    <ClCompile Include="src\fluxions_simple_renderer.cpp">
      <Filter>Source Files</Filter>
    </ClCompile>
    <ClCompile Include="src\fluxions_xml.cpp">
      <Filter>Source Files</Filter>
    </ClCompile>
    <ClCompile Include="src\fluxions_opengl.cpp">
      <Filter>Source Files</Filter>
    </ClCompile>
    <ClCompile Include="src\fluxions_simple_geometry_mesh.cpp">
      <Filter>Source Files</Filter>
    </ClCompile>
    <ClCompile Include="src\fluxions_simple_material_library.cpp">
      <Filter>Source Files</Filter>
    </ClCompile>
    <ClCompile Include="src\fluxions_simple_map_library.cpp">
      <Filter>Source Files</Filter>
    </ClCompile>
  </ItemGroup>
</Project>